
Microsoft Visual Studio Solution File, Format Version 12.00
# Visual Studio Version 16
VisualStudioVersion = 16.0.31025.194
MinimumVisualStudioVersion = 10.0.40219.1
Project("{9A19103F-16F7-4668-BE54-9A1E7A4F7556}") = "Vip.Extensions", "Vip.Extensions\Vip.Extensions.csproj", "{95A96C4F-4931-45EE-AFDD-81D21170B1C2}"
EndProject
Project("{FAE04EC0-301F-11D3-BF4B-00C04F79EFBC}") = "Vip.Extensions.Tests", "..\tests\Vip.Extensions.Tests\Vip.Extensions.Tests.csproj", "{D5FA131C-CFF3-4395-94F2-A78FB621F351}"
EndProject
Global
	GlobalSection(SolutionConfigurationPlatforms) = preSolution
		Debug|Any CPU = Debug|Any CPU
		Release|Any CPU = Release|Any CPU
	EndGlobalSection
	GlobalSection(ProjectConfigurationPlatforms) = postSolution
		{95A96C4F-4931-45EE-AFDD-81D21170B1C2}.Debug|Any CPU.ActiveCfg = Debug|Any CPU
		{95A96C4F-4931-45EE-AFDD-81D21170B1C2}.Debug|Any CPU.Build.0 = Debug|Any CPU
		{95A96C4F-4931-45EE-AFDD-81D21170B1C2}.Release|Any CPU.ActiveCfg = Release|Any CPU
		{95A96C4F-4931-45EE-AFDD-81D21170B1C2}.Release|Any CPU.Build.0 = Release|Any CPU
		{D5FA131C-CFF3-4395-94F2-A78FB621F351}.Debug|Any CPU.ActiveCfg = Debug|Any CPU
		{D5FA131C-CFF3-4395-94F2-A78FB621F351}.Debug|Any CPU.Build.0 = Debug|Any CPU
		{D5FA131C-CFF3-4395-94F2-A78FB621F351}.Release|Any CPU.ActiveCfg = Release|Any CPU
		{D5FA131C-CFF3-4395-94F2-A78FB621F351}.Release|Any CPU.Build.0 = Release|Any CPU
	EndGlobalSection
	GlobalSection(SolutionProperties) = preSolution
		HideSolutionNode = FALSE
	EndGlobalSection
	GlobalSection(ExtensibilityGlobals) = postSolution
		SolutionGuid = {80E4903F-62D6-4FE4-BE5C-2DDCE00CC5A9}
	EndGlobalSection
EndGlobal
